
Microsoft Visual Studio Solution File, Format Version 12.00
# Visual Studio 14
VisualStudioVersion = 14.0.25420.1
MinimumVisualStudioVersion = 10.0.40219.1
Project("{FAE04EC0-301F-11D3-BF4B-00C04F79EFBC}") = "MudrakPatel_Lab04_Ex1", "MudrakPatel_Lab04_Ex1\MudrakPatel_Lab04_Ex1.csproj", "{AB0BF035-63CD-4C98-8F9A-3D00F21C1ADE}"
EndProject
Project("{FAE04EC0-301F-11D3-BF4B-00C04F79EFBC}") = "MudrakPatel_Lab04_Ex2", "MudrakPatel_Lab04_02\MudrakPatel_Lab04_Ex2.csproj", "{8D2C26B7-78AB-4103-931E-43ED9C819105}"
EndProject
Project("{FAE04EC0-301F-11D3-BF4B-00C04F79EFBC}") = "MudrakPatel_Lab04_Ex3", "MudrakPatel_Lab04_Ex3\MudrakPatel_Lab04_Ex3.csproj", "{4E21BEA6-0B9E-4935-9003-2558CE1DD386}"
EndProject
Global
	GlobalSection(SolutionConfigurationPlatforms) = preSolution
		Debug|Any CPU = Debug|Any CPU
		Release|Any CPU = Release|Any CPU
	EndGlobalSection
	GlobalSection(ProjectConfigurationPlatforms) = postSolution
		{AB0BF035-63CD-4C98-8F9A-3D00F21C1ADE}.Debug|Any CPU.ActiveCfg = Debug|Any CPU
		{AB0BF035-63CD-4C98-8F9A-3D00F21C1ADE}.Debug|Any CPU.Build.0 = Debug|Any CPU
		{AB0BF035-63CD-4C98-8F9A-3D00F21C1ADE}.Release|Any CPU.ActiveCfg = Release|Any CPU
		{AB0BF035-63CD-4C98-8F9A-3D00F21C1ADE}.Release|Any CPU.Build.0 = Release|Any CPU
		{8D2C26B7-78AB-4103-931E-43ED9C819105}.Debug|Any CPU.ActiveCfg = Debug|Any CPU
		{8D2C26B7-78AB-4103-931E-43ED9C819105}.Debug|Any CPU.Build.0 = Debug|Any CPU
		{8D2C26B7-78AB-4103-931E-43ED9C819105}.Release|Any CPU.ActiveCfg = Release|Any CPU
		{8D2C26B7-78AB-4103-931E-43ED9C819105}.Release|Any CPU.Build.0 = Release|Any CPU
		{4E21BEA6-0B9E-4935-9003-2558CE1DD386}.Debug|Any CPU.ActiveCfg = Debug|Any CPU
		{4E21BEA6-0B9E-4935-9003-2558CE1DD386}.Debug|Any CPU.Build.0 = Debug|Any CPU
		{4E21BEA6-0B9E-4935-9003-2558CE1DD386}.Release|Any CPU.ActiveCfg = Release|Any CPU
		{4E21BEA6-0B9E-4935-9003-2558CE1DD386}.Release|Any CPU.Build.0 = Release|Any CPU
	EndGlobalSection
	GlobalSection(SolutionProperties) = preSolution
		HideSolutionNode = FALSE
	EndGlobalSection
EndGlobal
